
Microsoft Visual Studio Solution File, Format Version 12.00
# Visual Studio Version 16
VisualStudioVersion = 16.0.30907.101
MinimumVisualStudioVersion = 10.0.40219.1
Project("{8BC9CEB8-8B4A-11D0-8D11-00A0C91BC942}") = "Cursive", "Cursive\Cursive.vcxproj", "{C059D154-30FE-4CF1-AD04-8A77338E490B}"
EndProject
Global
	GlobalSection(SolutionConfigurationPlatforms) = preSolution
		Debug|x64 = Debug|x64
		Debug|x86 = Debug|x86
		Release|x64 = Release|x64
		Release|x86 = Release|x86
	EndGlobalSection
	GlobalSection(ProjectConfigurationPlatforms) = postSolution
		{C059D154-30FE-4CF1-AD04-8A77338E490B}.Debug|x64.ActiveCfg = Debug|x64
		{C059D154-30FE-4CF1-AD04-8A77338E490B}.Debug|x64.Build.0 = Debug|x64
		{C059D154-30FE-4CF1-AD04-8A77338E490B}.Debug|x86.ActiveCfg = Debug|Win32
		{C059D154-30FE-4CF1-AD04-8A77338E490B}.Debug|x86.Build.0 = Debug|Win32
		{C059D154-30FE-4CF1-AD04-8A77338E490B}.Release|x64.ActiveCfg = Release|x64
		{C059D154-30FE-4CF1-AD04-8A77338E490B}.Release|x64.Build.0 = Release|x64
		{C059D154-30FE-4CF1-AD04-8A77338E490B}.Release|x86.ActiveCfg = Release|Win32
		{C059D154-30FE-4CF1-AD04-8A77338E490B}.Release|x86.Build.0 = Release|Win32
	EndGlobalSection
	GlobalSection(SolutionProperties) = preSolution
		HideSolutionNode = FALSE
	EndGlobalSection
	GlobalSection(ExtensibilityGlobals) = postSolution
		SolutionGuid = {AC67D1C7-A253-42E6-B535-6B1900F711F5}
	EndGlobalSection
EndGlobal
